<?xml version="1.0" encoding="utf-8"?>
<Project ToolsVersion="4.0" xmlns="http://schemas.microsoft.com/developer/msbuild/2003">
  <ItemGroup>
    <Filter Include="Source Files">
      <UniqueIdentifier>{4FC737F1-C7A5-4376-A066-2A32D752A2FF}</UniqueIdentifier>
      <Extensions>cpp;c;cc;cxx;c++;cppm;ixx;def;odl;idl;hpj;bat;asm;asmx</Extensions>
    </Filter>
    <Filter Include="Header Files">
      <UniqueIdentifier>{93995380-89BD-4b04-88EB-625FBE52EBFB}</UniqueIdentifier>
      <Extensions>h;hh;hpp;hxx;h++;hm;inl;inc;ipp;xsd</Extensions>
    </Filter>
    <Filter Include="Resource Files">
      <UniqueIdentifier>{67DA6AB6-F800-4c08-8B7A-83BB121AAD01}</UniqueIdentifier>
      <Extensions>rc;ico;cur;bmp;dlg;rc2;rct;bin;rgs;gif;jpg;jpeg;jpe;resx;tiff;tif;png;wav;mfcribbon-ms</Extensions>
    </Filter>
    <Filter Include="Source Files\Shaders">
      <UniqueIdentifier>{ea8ccfbb-e7a2-4de6-b39b-87135919ff1e}</UniqueIdentifier>
    </Filter>
  </ItemGroup>
  <ItemGroup>
    <ClCompile Include="main.cpp">
      <Filter>Source Files</Filter>
    </ClCompile>
    <ClCompile Include="Source\CrApp.cpp">
      <Filter>Source Files</Filter>
    </ClCompile>
    <ClCompile Include="Source\CrManagedObject.cpp">
      <Filter>Source Files</Filter>
    </ClCompile>
    <ClCompile Include="Source\BasicObjects\CrRenderable.cpp">
      <Filter>Source Files</Filter>
    </ClCompile>
    <ClCompile Include="Source\CrSerialization.cpp">
      <Filter>Source Files</Filter>
    </ClCompile>
    <ClCompile Include="Source\vk_engine.cpp">
      <Filter>Source Files</Filter>
    </ClCompile>
    <ClCompile Include="Source\vk_initializers.cpp">
      <Filter>Source Files</Filter>
    </ClCompile>
    <ClCompile Include="Source\vk_mesh.cpp">
      <Filter>Source Files</Filter>
    </ClCompile>
    <ClCompile Include="Source\vk_textures.cpp">
      <Filter>Source Files</Filter>
    </ClCompile>
    <ClCompile Include="Source\ThirdParty\tinyobjloader\tiny_obj_loader.cc">
      <Filter>Source Files</Filter>
    </ClCompile>
    <ClCompile Include="Source\ThirdParty\vkbootstrap\VkBootstrap.cpp">
      <Filter>Source Files</Filter>
    </ClCompile>
    <ClCompile Include="Source\CrAssetList.cpp">
      <Filter>Source Files</Filter>
    </ClCompile>
    <ClCompile Include="Source\BasicObjects\CrTexture.cpp">
      <Filter>Source Files</Filter>
    </ClCompile>
    <ClCompile Include="Source\BasicObjects\CrMesh.cpp">
      <Filter>Source Files</Filter>
    </ClCompile>
    <ClCompile Include="Source\ThirdParty\imgui\imgui.cpp">
      <Filter>Source Files</Filter>
    </ClCompile>
    <ClCompile Include="Source\ThirdParty\imgui\imgui_demo.cpp">
      <Filter>Source Files</Filter>
    </ClCompile>
    <ClCompile Include="Source\ThirdParty\imgui\imgui_draw.cpp">
      <Filter>Source Files</Filter>
    </ClCompile>
    <ClCompile Include="Source\ThirdParty\imgui\imgui_impl_vulkan.cpp">
      <Filter>Source Files</Filter>
    </ClCompile>
    <ClCompile Include="Source\ThirdParty\imgui\imgui_widgets.cpp">
      <Filter>Source Files</Filter>
    </ClCompile>
    <ClCompile Include="Source\ThirdParty\imgui\imgui_impl_sdl2.cpp">
      <Filter>Source Files</Filter>
    </ClCompile>
    <ClCompile Include="Source\ThirdParty\imgui\imgui_tables.cpp">
      <Filter>Source Files</Filter>
    </ClCompile>
    <ClCompile Include="Source\UserInterface\CrUI_Base.cpp">
      <Filter>Source Files</Filter>
    </ClCompile>
    <ClCompile Include="Source\UserInterface\AssetEditors\CrUI_AssetListEditor.cpp">
      <Filter>Source Files</Filter>
    </ClCompile>
    <ClCompile Include="Source\ThirdParty\imgui\imgui_stdlib.cpp">
      <Filter>Source Files</Filter>
    </ClCompile>
    <ClCompile Include="Source\CrGlobals.cpp">
      <Filter>Source Files</Filter>
    </ClCompile>
    <ClCompile Include="Source\CrKeySystem.cpp">
      <Filter>Source Files</Filter>
    </ClCompile>
    <ClCompile Include="Source\CrID.cpp">
      <Filter>Source Files</Filter>
    </ClCompile>
    <ClCompile Include="Source\UserInterface\CrUI_MenuBar.cpp">
      <Filter>Source Files</Filter>
    </ClCompile>
    <ClCompile Include="Source\UserInterface\AssetEditors\CrUI_Editor_AssetBase.cpp">
      <Filter>Source Files</Filter>
    </ClCompile>
    <ClCompile Include="Source\UserInterface\AssetEditors\CrUI_TextureEditor.cpp">
      <Filter>Source Files</Filter>
    </ClCompile>
    <ClCompile Include="Source\UserInterface\CrUI_ClassList.cpp">
      <Filter>Source Files</Filter>
    </ClCompile>
    <ClCompile Include="Source\UserInterface\AssetEditors\CrEditorUIManager.cpp">
      <Filter>Source Files</Filter>
    </ClCompile>
    <ClCompile Include="Source\UserInterface\CrUI_AssetList.cpp">
      <Filter>Source Files</Filter>
    </ClCompile>
    <ClCompile Include="Source\BasicObjects\CrMaterial.cpp">
      <Filter>Source Files</Filter>
    </ClCompile>
    <ClCompile Include="Source\BasicObjects\CrShader.cpp">
      <Filter>Source Files</Filter>
    </ClCompile>
    <ClCompile Include="Source\ThirdParty\descriptorAlloc\descriptor_allocator.cpp">
      <Filter>Source Files</Filter>
    </ClCompile>
    <ClCompile Include="Source\UserInterface\AssetEditors\CrUI_MeshEditor.cpp">
      <Filter>Source Files</Filter>
    </ClCompile>
    <ClCompile Include="Source\UserInterface\AssetEditors\CrUI_MaterialEditor.cpp">
      <Filter>Source Files</Filter>
    </ClCompile>
    <ClCompile Include="Source\UserInterface\AssetEditors\CrUI_ShaderEditor.cpp">
      <Filter>Source Files</Filter>
    </ClCompile>
    <ClCompile Include="Source\UserInterface\AssetEditors\CrUI_RenderableEditor.cpp">
      <Filter>Source Files</Filter>
    </ClCompile>
    <ClCompile Include="Source\CrSerializationBin.cpp">
      <Filter>Source Files</Filter>
    </ClCompile>
  </ItemGroup>
  <ItemGroup>
    <None Include="compileShaders.bat">
      <Filter>Source Files</Filter>
    </None>
    <None Include="Source\UserInterface\AssetEditors\CrFieldEditor.inl">
      <Filter>Header Files</Filter>
    </None>
  </ItemGroup>
  <ItemGroup>
    <ClInclude Include="Source\CrApp.hpp">
      <Filter>Header Files</Filter>
    </ClInclude>
    <ClInclude Include="Source\CrManagedObject.hpp">
      <Filter>Header Files</Filter>
    </ClInclude>
    <ClInclude Include="Source\CrMath.hpp">
      <Filter>Header Files</Filter>
    </ClInclude>
    <ClInclude Include="Source\BasicObjects\CrRenderable.h">
      <Filter>Header Files</Filter>
    </ClInclude>
    <ClInclude Include="Source\CrSerialization.hpp">
      <Filter>Header Files</Filter>
    </ClInclude>
    <ClInclude Include="Source\CrSimpleHashes.h">
      <Filter>Header Files</Filter>
    </ClInclude>
    <ClInclude Include="Source\vk_engine.h">
      <Filter>Header Files</Filter>
    </ClInclude>
    <ClInclude Include="Source\vk_initializers.h">
      <Filter>Header Files</Filter>
    </ClInclude>
    <ClInclude Include="Source\vk_mesh.h">
      <Filter>Header Files</Filter>
    </ClInclude>
    <ClInclude Include="Source\vk_textures.h">
      <Filter>Header Files</Filter>
    </ClInclude>
    <ClInclude Include="Source\vk_types.h">
      <Filter>Header Files</Filter>
    </ClInclude>
    <ClInclude Include="Source\ThirdParty\tinyobjloader\tiny_obj_loader.h">
      <Filter>Header Files</Filter>
    </ClInclude>
    <ClInclude Include="Source\ThirdParty\vkbootstrap\VkBootstrap.h">
      <Filter>Header Files</Filter>
    </ClInclude>
    <ClInclude Include="Source\CrPaths.hpp">
      <Filter>Header Files</Filter>
    </ClInclude>
    <ClInclude Include="Source\CrAssetList.hpp">
      <Filter>Header Files</Filter>
    </ClInclude>
    <ClInclude Include="Source\BasicObjects\CrTexture.h">
      <Filter>Header Files</Filter>
    </ClInclude>
    <ClInclude Include="Source\CrGlobals.h">
      <Filter>Header Files</Filter>
    </ClInclude>
    <ClInclude Include="Source\BasicObjects\CrMesh.h">
      <Filter>Header Files</Filter>
    </ClInclude>
    <ClInclude Include="Source\ThirdParty\imgui\imconfig.h">
      <Filter>Header Files</Filter>
    </ClInclude>
    <ClInclude Include="Source\ThirdParty\imgui\imgui.h">
      <Filter>Header Files</Filter>
    </ClInclude>
    <ClInclude Include="Source\ThirdParty\imgui\imgui_impl_vulkan.h">
      <Filter>Header Files</Filter>
    </ClInclude>
    <ClInclude Include="Source\ThirdParty\imgui\imgui_internal.h">
      <Filter>Header Files</Filter>
    </ClInclude>
    <ClInclude Include="Source\ThirdParty\imgui\imstb_rectpack.h">
      <Filter>Header Files</Filter>
    </ClInclude>
    <ClInclude Include="Source\ThirdParty\imgui\imstb_textedit.h">
      <Filter>Header Files</Filter>
    </ClInclude>
    <ClInclude Include="Source\ThirdParty\imgui\imstb_truetype.h">
      <Filter>Header Files</Filter>
    </ClInclude>
    <ClInclude Include="Source\ThirdParty\imgui\imgui_impl_sdl2.h">
      <Filter>Header Files</Filter>
    </ClInclude>
    <ClInclude Include="Source\UserInterface\CrUI_Base.h">
      <Filter>Header Files</Filter>
    </ClInclude>
    <ClInclude Include="Source\UserInterface\AssetEditors\CrUI_AssetListEditor.h">
      <Filter>Header Files</Filter>
    </ClInclude>
    <ClInclude Include="Source\ThirdParty\imgui\imgui_stdlib.h">
      <Filter>Header Files</Filter>
    </ClInclude>
    <ClInclude Include="Source\CrKeySystem.hpp">
      <Filter>Header Files</Filter>
    </ClInclude>
    <ClInclude Include="Source\ThirdParty\func\func.hpp">
      <Filter>Header Files</Filter>
    </ClInclude>
    <ClInclude Include="Source\CrUtilities.hpp">
      <Filter>Header Files</Filter>
    </ClInclude>
    <ClInclude Include="Source\CrTypes.hpp">
      <Filter>Header Files</Filter>
    </ClInclude>
    <ClInclude Include="Source\CrID.hpp">
      <Filter>Header Files</Filter>
    </ClInclude>
    <ClInclude Include="Source\CrLoadable.hpp">
      <Filter>Header Files</Filter>
    </ClInclude>
    <ClInclude Include="Source\UserInterface\CrUI_MenuBar.hpp">
      <Filter>Header Files</Filter>
    </ClInclude>
    <ClInclude Include="Source\UserInterface\CrUIStyles.h">
      <Filter>Header Files</Filter>
    </ClInclude>
    <ClInclude Include="Source\UserInterface\AssetEditors\CrUI_Editor_AssetBase.h">
      <Filter>Header Files</Filter>
    </ClInclude>
    <ClInclude Include="Source\UserInterface\AssetEditors\CrUI_TextureEditor.h">
      <Filter>Header Files</Filter>
    </ClInclude>
    <ClInclude Include="Source\UserInterface\CrUI_ClassList.h">
      <Filter>Header Files</Filter>
    </ClInclude>
    <ClInclude Include="Source\UserInterface\AssetEditors\CrEditorUIManager.h">
      <Filter>Header Files</Filter>
    </ClInclude>
    <ClInclude Include="Source\UserInterface\CrUI_AssetList.h">
      <Filter>Header Files</Filter>
    </ClInclude>
    <ClInclude Include="Source\BasicObjects\CrMaterial.h">
      <Filter>Header Files</Filter>
    </ClInclude>
    <ClInclude Include="Source\BasicObjects\CrShader.h">
      <Filter>Header Files</Filter>
    </ClInclude>
    <ClInclude Include="Source\ThirdParty\descriptorAlloc\descriptor_allocator.h">
      <Filter>Header Files</Filter>
    </ClInclude>
    <ClInclude Include="Source\UserInterface\AssetEditors\CrUI_MeshEditor.h">
      <Filter>Header Files</Filter>
    </ClInclude>
    <ClInclude Include="Source\UserInterface\AssetEditors\CrUI_MaterialEditor.h">
      <Filter>Header Files</Filter>
    </ClInclude>
    <ClInclude Include="Source\UserInterface\AssetEditors\CrUI_ShaderEditor.h">
      <Filter>Header Files</Filter>
    </ClInclude>
    <ClInclude Include="Source\UserInterface\AssetEditors\CrUI_RenderableEditor.h">
      <Filter>Header Files</Filter>
    </ClInclude>
    <ClInclude Include="Source\ThirdParty\archive\archive.h">
      <Filter>Header Files</Filter>
    </ClInclude>
    <ClInclude Include="Source\CrSerializationBin.h">
      <Filter>Header Files</Filter>
    </ClInclude>
  </ItemGroup>
  <ItemGroup>
    <CustomBuild Include="Shaders\Simple_FragShader.frag">
      <Filter>Source Files\Shaders</Filter>
    </CustomBuild>
    <CustomBuild Include="Shaders\Simple_VertShader.vert">
      <Filter>Source Files\Shaders</Filter>
    </CustomBuild>
  </ItemGroup>
</Project>